{
  "name": "cadl-test",
  "lockfileVersion": 2,
  "requires": true,
  "packages": {
    "": {
      "name": "cadl-test",
      "dependencies": {
        "@azure-tools/cadl-autorest": "^0.17.0",
        "@azure-tools/cadl-typescript": "file:../cadl-typescript-experiment",
        "@cadl-lang/compiler": "/Users/zhangqiaoqiao/work/code/cadl-typescript-experiment/node_modules/@cadl-lang/compiler",
        "@cadl-lang/openapi": "latest",
        "@cadl-lang/rest": "latest"
      }
    },
    "../cadl-typescript-experiment": {
      "name": "@azure-tools/cadl-typescript",
      "version": "0.1.0",
      "license": "MIT",
      "devDependencies": {
        "@azure-tools/cadl-azure-core": "~0.4.0",
        "@cadl-lang/compiler": "~0.32.0",
        "@cadl-lang/eslint-config-cadl": "~0.3.0",
        "@cadl-lang/eslint-plugin": "~0.1.0",
        "@cadl-lang/library-linter": "~0.1.1",
        "@cadl-lang/openapi": "~0.10.0",
        "@cadl-lang/rest": "~0.15.0",
        "@cadl-lang/versioning": "~0.6.0",
        "@types/mocha": "~9.1.0",
        "@types/node": "~16.0.3",
        "@types/prettier": "^2.6.3",
        "c8": "~7.11.0",
        "change-case": "~4.1.2",
        "eslint": "^8.12.0",
        "mocha": "~9.2.0",
        "rimraf": "~3.0.2",
        "typescript": "~4.7.2"
      },
      "engines": {
        "node": ">=16.0.0"
      },
      "peerDependencies": {
        "@azure-tools/cadl-azure-core": "~0.4.0",
        "@cadl-lang/compiler": "~0.32.0",
        "@cadl-lang/openapi": "~0.10.0",
        "@cadl-lang/rest": "~0.15.0",
        "@cadl-lang/versioning": "~0.6.0"
      }
    },
    "../cadl-typescript-experiment/node_modules/@cadl-lang/compiler": {
      "version": "0.32.0",
      "license": "MIT",
      "dependencies": {
        "@babel/code-frame": "~7.16.7",
        "ajv": "~8.9.0",
        "change-case": "~4.1.2",
        "globby": "~13.1.1",
        "js-yaml": "~4.1.0",
        "mkdirp": "~1.0.4",
        "mustache": "~4.2.0",
        "node-fetch": "~3.2.0",
        "node-watch": "~0.7.1",
        "picocolors": "~1.0.0",
        "prettier": "~2.6.2",
        "prompts": "~2.4.1",
        "vscode-languageserver": "~7.0.0",
        "vscode-languageserver-textdocument": "~1.0.1",
        "yargs": "~17.3.1"
      },
      "bin": {
        "cadl": "cmd/cadl.js",
        "cadl-server": "cmd/cadl-server.js"
      },
      "engines": {
        "node": ">=16.0.0"
      }
    },
    "node_modules/@azure-tools/cadl-autorest": {
      "version": "0.17.0",
      "resolved": "https://registry.npmjs.org/@azure-tools/cadl-autorest/-/cadl-autorest-0.17.0.tgz",
      "integrity": "sha512-3C6DZgaGdrpTqhOqgHhrvP+/nOrWIpjeG5BikW10HarMU7LFfouruvJMjanJjapwasIxQitcNflLGw8hJUrOqg==",
      "engines": {
        "node": ">=16.0.0"
      },
      "peerDependencies": {
        "@azure-tools/cadl-azure-core": "~0.4.0",
        "@cadl-lang/compiler": "~0.32.0",
        "@cadl-lang/openapi": "~0.10.0",
        "@cadl-lang/rest": "~0.15.0",
        "@cadl-lang/versioning": "~0.6.0"
      }
    },
    "node_modules/@azure-tools/cadl-azure-core": {
      "version": "0.4.0",
      "resolved": "https://registry.npmjs.org/@azure-tools/cadl-azure-core/-/cadl-azure-core-0.4.0.tgz",
      "integrity": "sha512-cFlbFrTv2S18ZKH5MPjdA1D7nmavqhWVdtSVQtkHGDtieiMM/3vC769xvvoeDxByWd6scQkleh/rSHqbok1xyw==",
      "peer": true,
      "engines": {
        "node": ">=16.0.0"
      },
      "peerDependencies": {
        "@cadl-lang/compiler": "~0.32.0",
        "@cadl-lang/openapi": "~0.10.0",
        "@cadl-lang/rest": "~0.15.0"
      }
    },
    "node_modules/@azure-tools/cadl-typescript": {
      "resolved": "../cadl-typescript-experiment",
      "link": true
    },
    "node_modules/@cadl-lang/compiler": {
      "resolved": "../cadl-typescript-experiment/node_modules/@cadl-lang/compiler",
      "link": true
    },
    "node_modules/@cadl-lang/openapi": {
      "version": "0.10.0",
      "resolved": "https://registry.npmjs.org/@cadl-lang/openapi/-/openapi-0.10.0.tgz",
      "integrity": "sha512-YlJN4KcnwiQkldiwYQ8265dZt1BP01mnBu9SC6du9Qw3vMTUO9XLl857moGKyfjuV2Mj2wFPQcWq/Sdf+2wcKg==",
      "engines": {
        "node": ">=16.0.0"
      },
      "peerDependencies": {
        "@cadl-lang/compiler": "~0.32.0",
        "@cadl-lang/rest": "~0.15.0"
      }
    },
    "node_modules/@cadl-lang/rest": {
      "version": "0.15.0",
      "resolved": "https://registry.npmjs.org/@cadl-lang/rest/-/rest-0.15.0.tgz",
      "integrity": "sha512-rO1yEXZ9cWr3FtAQbA/DLWslUjUYkOAkei9ZJxcHHmzqJnAI5fylFB23LaAJhVA6a8lAHis30CtJj8sY/KXQAg==",
      "engines": {
        "node": ">=16.0.0"
      },
      "peerDependencies": {
        "@cadl-lang/compiler": "~0.32.0"
      }
    },
    "node_modules/@cadl-lang/versioning": {
      "version": "0.6.0",
      "resolved": "https://registry.npmjs.org/@cadl-lang/versioning/-/versioning-0.6.0.tgz",
      "integrity": "sha512-IRMefE9nijDB34aF8l3WqHADR2a6wKWlzjDGvllBKhBJPF7I4NlNxg87+0Dd638JrNMpcbPWvbFWSktC+Las/w==",
      "peer": true,
      "dependencies": {
        "@cadl-lang/compiler": "~0.32.0"
      },
      "engines": {
        "node": ">=16.0.0"
      }
    }
  },
  "dependencies": {
    "@azure-tools/cadl-autorest": {
      "version": "0.17.0",
      "resolved": "https://registry.npmjs.org/@azure-tools/cadl-autorest/-/cadl-autorest-0.17.0.tgz",
      "integrity": "sha512-3C6DZgaGdrpTqhOqgHhrvP+/nOrWIpjeG5BikW10HarMU7LFfouruvJMjanJjapwasIxQitcNflLGw8hJUrOqg==",
      "requires": {}
    },
    "@azure-tools/cadl-azure-core": {
      "version": "0.4.0",
      "resolved": "https://registry.npmjs.org/@azure-tools/cadl-azure-core/-/cadl-azure-core-0.4.0.tgz",
      "integrity": "sha512-cFlbFrTv2S18ZKH5MPjdA1D7nmavqhWVdtSVQtkHGDtieiMM/3vC769xvvoeDxByWd6scQkleh/rSHqbok1xyw==",
      "peer": true,
      "requires": {}
    },
    "@azure-tools/cadl-typescript": {
      "version": "file:../cadl-typescript-experiment",
      "requires": {
        "@azure-tools/cadl-azure-core": "~0.4.0",
        "@cadl-lang/compiler": "~0.32.0",
        "@cadl-lang/eslint-config-cadl": "~0.3.0",
        "@cadl-lang/eslint-plugin": "~0.1.0",
        "@cadl-lang/library-linter": "~0.1.1",
        "@cadl-lang/openapi": "~0.10.0",
        "@cadl-lang/rest": "~0.15.0",
        "@cadl-lang/versioning": "~0.6.0",
        "@types/mocha": "~9.1.0",
        "@types/node": "~16.0.3",
        "@types/prettier": "^2.6.3",
        "c8": "~7.11.0",
        "change-case": "~4.1.2",
        "eslint": "^8.12.0",
        "mocha": "~9.2.0",
        "rimraf": "~3.0.2",
        "typescript": "~4.7.2"
      },
      "dependencies": {
        "@cadl-lang/compiler": {
          "version": "0.32.0",
          "requires": {
            "@babel/code-frame": "~7.16.7",
            "ajv": "~8.9.0",
            "change-case": "~4.1.2",
            "globby": "~13.1.1",
            "js-yaml": "~4.1.0",
            "mkdirp": "~1.0.4",
            "mustache": "~4.2.0",
            "node-fetch": "~3.2.0",
            "node-watch": "~0.7.1",
            "picocolors": "~1.0.0",
            "prettier": "~2.6.2",
            "prompts": "~2.4.1",
            "vscode-languageserver": "~7.0.0",
            "vscode-languageserver-textdocument": "~1.0.1",
            "yargs": "~17.3.1"
          }
        }
      }
    },
    "@cadl-lang/compiler": {
      "version": "file:../cadl-typescript-experiment/node_modules/@cadl-lang/compiler",
      "requires": {
        "@babel/code-frame": "~7.16.7",
        "ajv": "~8.9.0",
        "change-case": "~4.1.2",
        "globby": "~13.1.1",
        "js-yaml": "~4.1.0",
        "mkdirp": "~1.0.4",
        "mustache": "~4.2.0",
        "node-fetch": "~3.2.0",
        "node-watch": "~0.7.1",
        "picocolors": "~1.0.0",
        "prettier": "~2.6.2",
        "prompts": "~2.4.1",
        "vscode-languageserver": "~7.0.0",
        "vscode-languageserver-textdocument": "~1.0.1",
        "yargs": "~17.3.1"
      }
    },
    "@cadl-lang/openapi": {
      "version": "0.10.0",
      "resolved": "https://registry.npmjs.org/@cadl-lang/openapi/-/openapi-0.10.0.tgz",
      "integrity": "sha512-YlJN4KcnwiQkldiwYQ8265dZt1BP01mnBu9SC6du9Qw3vMTUO9XLl857moGKyfjuV2Mj2wFPQcWq/Sdf+2wcKg==",
      "requires": {}
    },
    "@cadl-lang/rest": {
      "version": "0.15.0",
      "resolved": "https://registry.npmjs.org/@cadl-lang/rest/-/rest-0.15.0.tgz",
      "integrity": "sha512-rO1yEXZ9cWr3FtAQbA/DLWslUjUYkOAkei9ZJxcHHmzqJnAI5fylFB23LaAJhVA6a8lAHis30CtJj8sY/KXQAg==",
      "requires": {}
    },
    "@cadl-lang/versioning": {
      "version": "0.6.0",
      "resolved": "https://registry.npmjs.org/@cadl-lang/versioning/-/versioning-0.6.0.tgz",
      "integrity": "sha512-IRMefE9nijDB34aF8l3WqHADR2a6wKWlzjDGvllBKhBJPF7I4NlNxg87+0Dd638JrNMpcbPWvbFWSktC+Las/w==",
      "peer": true,
      "requires": {
        "@cadl-lang/compiler": "~0.32.0"
      }
    }
  }
}
